// !$*UTF8*$!
{
	archiveVersion = 1;
	classes = {
	};
	objectVersion = 77;
	objects = {

/* Begin PBXBuildFile section */
		0A0096232D48429800DE4A09 /* SecretsManager in Frameworks */ = {isa = PBXBuildFile; productRef = 0A0096222D48429800DE4A09 /* SecretsManager */; };
		0A1595F62D4436C50082C75F /* GameKitUI in Frameworks */ = {isa = PBXBuildFile; productRef = 0A1595F52D4436C50082C75F /* GameKitUI */; };
		0A2E251D2D44316700804F3C /* ActiveGameViewModel.swift in Sources */ = {isa = PBXBuildFile; fileRef = 0A2E251C2D44316700804F3C /* ActiveGameViewModel.swift */; };
		0A6668112D41D7E900658111 /* ConfigureObjectView.swift in Sources */ = {isa = PBXBuildFile; fileRef = 0A6668102D41D7E900658111 /* ConfigureObjectView.swift */; };
		0A6668192D42E53000658111 /* GamesView.swift in Sources */ = {isa = PBXBuildFile; fileRef = 0A6668182D42E53000658111 /* GamesView.swift */; };
		0A66681B2D42E56C00658111 /* ObjectsView.swift in Sources */ = {isa = PBXBuildFile; fileRef = 0A66681A2D42E56C00658111 /* ObjectsView.swift */; };
		0A66681D2D42E99E00658111 /* Object.swift in Sources */ = {isa = PBXBuildFile; fileRef = 0A66681C2D42E99E00658111 /* Object.swift */; };
		0A6668202D42E9D300658111 /* Match.swift in Sources */ = {isa = PBXBuildFile; fileRef = 0A66681F2D42E9D300658111 /* Match.swift */; };
		0A6668222D42EAFE00658111 /* GamesViewModel.swift in Sources */ = {isa = PBXBuildFile; fileRef = 0A6668212D42EAFE00658111 /* GamesViewModel.swift */; };
		0A6F42622D408D4A004261E5 /* Preview Assets.xcassets in Resources */ = {isa = PBXBuildFile; fileRef = 0A6F425B2D408D4A004261E5 /* Preview Assets.xcassets */; };
		0A6F42632D408D4A004261E5 /* Assets.xcassets in Resources */ = {isa = PBXBuildFile; fileRef = 0A6F425D2D408D4A004261E5 /* Assets.xcassets */; };
		0A6F42642D408D4A004261E5 /* GoogleService-Info.plist in Resources */ = {isa = PBXBuildFile; fileRef = 0A6F425F2D408D4A004261E5 /* GoogleService-Info.plist */; };
		0A6F42652D408D4A004261E5 /* HomeView.swift in Sources */ = {isa = PBXBuildFile; fileRef = 0A6F425E2D408D4A004261E5 /* HomeView.swift */; };
		0A6F42662D408D4A004261E5 /* RockPaperAnythingApp.swift in Sources */ = {isa = PBXBuildFile; fileRef = 0A6F42602D408D4A004261E5 /* RockPaperAnythingApp.swift */; };
		0A6F42672D408D4A004261E5 /* GoogleService-Info.plist in Resources */ = {isa = PBXBuildFile; fileRef = 0A6F425F2D408D4A004261E5 /* GoogleService-Info.plist */; };
		0A6F42682D408D4A004261E5 /* GoogleService-Info.plist in Resources */ = {isa = PBXBuildFile; fileRef = 0A6F425F2D408D4A004261E5 /* GoogleService-Info.plist */; };
		0A6F426B2D408D55004261E5 /* RockPaperAnythingTests.swift in Sources */ = {isa = PBXBuildFile; fileRef = 0A6F42692D408D55004261E5 /* RockPaperAnythingTests.swift */; };
		0A6F426F2D408D57004261E5 /* RockPaperAnythingUITests.swift in Sources */ = {isa = PBXBuildFile; fileRef = 0A6F426C2D408D57004261E5 /* RockPaperAnythingUITests.swift */; };
		0A6F42702D408D57004261E5 /* RockPaperAnythingUITestsLaunchTests.swift in Sources */ = {isa = PBXBuildFile; fileRef = 0A6F426D2D408D57004261E5 /* RockPaperAnythingUITestsLaunchTests.swift */; };
		0A6F42732D408D88004261E5 /* FirebaseAnalytics in Frameworks */ = {isa = PBXBuildFile; productRef = 0A6F42722D408D88004261E5 /* FirebaseAnalytics */; };
		0A6F42752D408D88004261E5 /* FirebaseCore in Frameworks */ = {isa = PBXBuildFile; productRef = 0A6F42742D408D88004261E5 /* FirebaseCore */; };
		0A6F42772D408D88004261E5 /* FirebaseCrashlytics in Frameworks */ = {isa = PBXBuildFile; productRef = 0A6F42762D408D88004261E5 /* FirebaseCrashlytics */; };
		0A6F42792D408D88004261E5 /* FirebaseDatabase in Frameworks */ = {isa = PBXBuildFile; productRef = 0A6F42782D408D88004261E5 /* FirebaseDatabase */; };
		0A6F427B2D408D88004261E5 /* FirebaseStorage in Frameworks */ = {isa = PBXBuildFile; productRef = 0A6F427A2D408D88004261E5 /* FirebaseStorage */; };
		0A6F427F2D40936E004261E5 /* FirebaseAuth in Frameworks */ = {isa = PBXBuildFile; productRef = 0A6F427E2D40936E004261E5 /* FirebaseAuth */; };
		0A6F42832D40E8D2004261E5 /* LoginView.swift in Sources */ = {isa = PBXBuildFile; fileRef = 0A6F42822D40E8D2004261E5 /* LoginView.swift */; };
		0A6F42882D40F7EF004261E5 /* User+Observable.swift in Sources */ = {isa = PBXBuildFile; fileRef = 0A6F42872D40F7EF004261E5 /* User+Observable.swift */; };
		0A6F42912D414309004261E5 /* LoginHeaderView.swift in Sources */ = {isa = PBXBuildFile; fileRef = 0A6F42902D414309004261E5 /* LoginHeaderView.swift */; };
		0A6F42932D41929D004261E5 /* FirebaseFirestore in Frameworks */ = {isa = PBXBuildFile; productRef = 0A6F42922D41929D004261E5 /* FirebaseFirestore */; };
		0A6F42952D419966004261E5 /* AddNewObjectViewModel.swift in Sources */ = {isa = PBXBuildFile; fileRef = 0A6F42942D419966004261E5 /* AddNewObjectViewModel.swift */; };
		0A6F42982D41A3EA004261E5 /* Nuke in Frameworks */ = {isa = PBXBuildFile; productRef = 0A6F42972D41A3EA004261E5 /* Nuke */; };
		0A6F429A2D41A62F004261E5 /* NukeUI in Frameworks */ = {isa = PBXBuildFile; productRef = 0A6F42992D41A62F004261E5 /* NukeUI */; };
		0A6F429C2D41AF7F004261E5 /* AddNewObjectView.swift in Sources */ = {isa = PBXBuildFile; fileRef = 0A6F429B2D41AF7F004261E5 /* AddNewObjectView.swift */; };
		0A840F5D2D4442A10049A9E7 /* Logging.swift in Sources */ = {isa = PBXBuildFile; fileRef = 0A840F5C2D4442A10049A9E7 /* Logging.swift */; };
		0A840F5F2D454BF80049A9E7 /* ObjectListener.swift in Sources */ = {isa = PBXBuildFile; fileRef = 0A840F5E2D454BF80049A9E7 /* ObjectListener.swift */; };
		0A840F612D4558950049A9E7 /* LazyImage+Object.swift in Sources */ = {isa = PBXBuildFile; fileRef = 0A840F602D4558950049A9E7 /* LazyImage+Object.swift */; };
		0AA196A62D42F52300907139 /* GameKitUI in Frameworks */ = {isa = PBXBuildFile; productRef = 0AA196A52D42F52300907139 /* GameKitUI */; };
		0AA196A82D4300A500907139 /* ActiveGameView.swift in Sources */ = {isa = PBXBuildFile; fileRef = 0AA196A72D4300A500907139 /* ActiveGameView.swift */; };
		0AE14AB72D483F49001407EC /* SecretsManager in Frameworks */ = {isa = PBXBuildFile; productRef = 0AE14AB62D483F49001407EC /* SecretsManager */; };
		0AE14ABF2D4841F1001407EC /* Firebase+Secrets.swift in Sources */ = {isa = PBXBuildFile; fileRef = 0AE14ABE2D4841F1001407EC /* Firebase+Secrets.swift */; };
/* End PBXBuildFile section */

/* Begin PBXContainerItemProxy section */
		0A6F42392D4089C7004261E5 /* PBXContainerItemProxy */ = {
			isa = PBXContainerItemProxy;
			containerPortal = 0A6F42202D4089C6004261E5 /* Project object */;
			proxyType = 1;
			remoteGlobalIDString = 0A6F42272D4089C6004261E5;
			remoteInfo = RockPaperAnything;
		};
		0A6F42432D4089C7004261E5 /* PBXContainerItemProxy */ = {
			isa = PBXContainerItemProxy;
			containerPortal = 0A6F42202D4089C6004261E5 /* Project object */;
			proxyType = 1;
			remoteGlobalIDString = 0A6F42272D4089C6004261E5;
			remoteInfo = RockPaperAnything;
		};
/* End PBXContainerItemProxy section */

/* Begin PBXFileReference section */
		0A2E251C2D44316700804F3C /* ActiveGameViewModel.swift */ = {isa = PBXFileReference; lastKnownFileType = sourcecode.swift; path = ActiveGameViewModel.swift; sourceTree = "<group>"; };
		0A6668102D41D7E900658111 /* ConfigureObjectView.swift */ = {isa = PBXFileReference; lastKnownFileType = sourcecode.swift; path = ConfigureObjectView.swift; sourceTree = "<group>"; };
		0A6668182D42E53000658111 /* GamesView.swift */ = {isa = PBXFileReference; lastKnownFileType = sourcecode.swift; path = GamesView.swift; sourceTree = "<group>"; };
		0A66681A2D42E56C00658111 /* ObjectsView.swift */ = {isa = PBXFileReference; lastKnownFileType = sourcecode.swift; path = ObjectsView.swift; sourceTree = "<group>"; };
		0A66681C2D42E99E00658111 /* Object.swift */ = {isa = PBXFileReference; lastKnownFileType = sourcecode.swift; path = Object.swift; sourceTree = "<group>"; };
		0A66681F2D42E9D300658111 /* Match.swift */ = {isa = PBXFileReference; lastKnownFileType = sourcecode.swift; path = Match.swift; sourceTree = "<group>"; };
		0A6668212D42EAFE00658111 /* GamesViewModel.swift */ = {isa = PBXFileReference; lastKnownFileType = sourcecode.swift; path = GamesViewModel.swift; sourceTree = "<group>"; };
		0A6F42282D4089C6004261E5 /* RockPaperAnything.app */ = {isa = PBXFileReference; explicitFileType = wrapper.application; includeInIndex = 0; path = RockPaperAnything.app; sourceTree = BUILT_PRODUCTS_DIR; };
		0A6F42382D4089C7004261E5 /* RockPaperAnythingTests.xctest */ = {isa = PBXFileReference; explicitFileType = wrapper.cfbundle; includeInIndex = 0; path = RockPaperAnythingTests.xctest; sourceTree = BUILT_PRODUCTS_DIR; };
		0A6F42422D4089C7004261E5 /* RockPaperAnythingUITests.xctest */ = {isa = PBXFileReference; explicitFileType = wrapper.cfbundle; includeInIndex = 0; path = RockPaperAnythingUITests.xctest; sourceTree = BUILT_PRODUCTS_DIR; };
		0A6F425B2D408D4A004261E5 /* Preview Assets.xcassets */ = {isa = PBXFileReference; lastKnownFileType = folder.assetcatalog; path = "Preview Assets.xcassets"; sourceTree = "<group>"; };
		0A6F425D2D408D4A004261E5 /* Assets.xcassets */ = {isa = PBXFileReference; lastKnownFileType = folder.assetcatalog; path = Assets.xcassets; sourceTree = "<group>"; };
		0A6F425E2D408D4A004261E5 /* HomeView.swift */ = {isa = PBXFileReference; lastKnownFileType = sourcecode.swift; path = HomeView.swift; sourceTree = "<group>"; };
		0A6F425F2D408D4A004261E5 /* GoogleService-Info.plist */ = {isa = PBXFileReference; lastKnownFileType = text.plist.xml; path = "GoogleService-Info.plist"; sourceTree = "<group>"; };
		0A6F42602D408D4A004261E5 /* RockPaperAnythingApp.swift */ = {isa = PBXFileReference; lastKnownFileType = sourcecode.swift; path = RockPaperAnythingApp.swift; sourceTree = "<group>"; };
		0A6F42692D408D55004261E5 /* RockPaperAnythingTests.swift */ = {isa = PBXFileReference; lastKnownFileType = sourcecode.swift; path = RockPaperAnythingTests.swift; sourceTree = "<group>"; };
		0A6F426C2D408D57004261E5 /* RockPaperAnythingUITests.swift */ = {isa = PBXFileReference; lastKnownFileType = sourcecode.swift; path = RockPaperAnythingUITests.swift; sourceTree = "<group>"; };
		0A6F426D2D408D57004261E5 /* RockPaperAnythingUITestsLaunchTests.swift */ = {isa = PBXFileReference; lastKnownFileType = sourcecode.swift; path = RockPaperAnythingUITestsLaunchTests.swift; sourceTree = "<group>"; };
		0A6F42822D40E8D2004261E5 /* LoginView.swift */ = {isa = PBXFileReference; lastKnownFileType = sourcecode.swift; path = LoginView.swift; sourceTree = "<group>"; };
		0A6F42872D40F7EF004261E5 /* User+Observable.swift */ = {isa = PBXFileReference; lastKnownFileType = sourcecode.swift; path = "User+Observable.swift"; sourceTree = "<group>"; };
		0A6F42892D40FC5A004261E5 /* RockPaperAnything.entitlements */ = {isa = PBXFileReference; lastKnownFileType = text.plist.entitlements; path = RockPaperAnything.entitlements; sourceTree = "<group>"; };
		0A6F42902D414309004261E5 /* LoginHeaderView.swift */ = {isa = PBXFileReference; lastKnownFileType = sourcecode.swift; path = LoginHeaderView.swift; sourceTree = "<group>"; };
		0A6F42942D419966004261E5 /* AddNewObjectViewModel.swift */ = {isa = PBXFileReference; lastKnownFileType = sourcecode.swift; path = AddNewObjectViewModel.swift; sourceTree = "<group>"; };
		0A6F429B2D41AF7F004261E5 /* AddNewObjectView.swift */ = {isa = PBXFileReference; lastKnownFileType = sourcecode.swift; path = AddNewObjectView.swift; sourceTree = "<group>"; };
		0A840F5C2D4442A10049A9E7 /* Logging.swift */ = {isa = PBXFileReference; lastKnownFileType = sourcecode.swift; path = Logging.swift; sourceTree = "<group>"; };
		0A840F5E2D454BF80049A9E7 /* ObjectListener.swift */ = {isa = PBXFileReference; lastKnownFileType = sourcecode.swift; path = ObjectListener.swift; sourceTree = "<group>"; };
		0A840F602D4558950049A9E7 /* LazyImage+Object.swift */ = {isa = PBXFileReference; lastKnownFileType = sourcecode.swift; path = "LazyImage+Object.swift"; sourceTree = "<group>"; };
		0A840F622D458DBA0049A9E7 /* Info.plist */ = {isa = PBXFileReference; lastKnownFileType = text.plist; path = Info.plist; sourceTree = "<group>"; };
		0AA196A72D4300A500907139 /* ActiveGameView.swift */ = {isa = PBXFileReference; lastKnownFileType = sourcecode.swift; path = ActiveGameView.swift; sourceTree = "<group>"; };
		0AE14ABE2D4841F1001407EC /* Firebase+Secrets.swift */ = {isa = PBXFileReference; lastKnownFileType = sourcecode.swift; path = "Firebase+Secrets.swift"; sourceTree = "<group>"; };
		0AFA5A882D4835AE00B94461 /* ci_post_clone.sh */ = {isa = PBXFileReference; lastKnownFileType = text.script.sh; path = ci_post_clone.sh; sourceTree = "<group>"; };
		0AFA5A892D4835E000B94461 /* ci_env */ = {isa = PBXFileReference; lastKnownFileType = text; path = ci_env; sourceTree = "<group>"; };
/* End PBXFileReference section */

/* Begin PBXFrameworksBuildPhase section */
		0A6F42252D4089C6004261E5 /* Frameworks */ = {
			isa = PBXFrameworksBuildPhase;
			buildActionMask = 2147483647;
			files = (
				0A6F42982D41A3EA004261E5 /* Nuke in Frameworks */,
				0A6F42772D408D88004261E5 /* FirebaseCrashlytics in Frameworks */,
				0A6F427F2D40936E004261E5 /* FirebaseAuth in Frameworks */,
				0A6F42752D408D88004261E5 /* FirebaseCore in Frameworks */,
				0A0096232D48429800DE4A09 /* SecretsManager in Frameworks */,
				0A6F429A2D41A62F004261E5 /* NukeUI in Frameworks */,
				0A6F42792D408D88004261E5 /* FirebaseDatabase in Frameworks */,
				0A6F42932D41929D004261E5 /* FirebaseFirestore in Frameworks */,
				0A6F427B2D408D88004261E5 /* FirebaseStorage in Frameworks */,
				0A1595F62D4436C50082C75F /* GameKitUI in Frameworks */,
				0A6F42732D408D88004261E5 /* FirebaseAnalytics in Frameworks */,
				0AE14AB72D483F49001407EC /* SecretsManager in Frameworks */,
				0AA196A62D42F52300907139 /* GameKitUI in Frameworks */,
			);
			runOnlyForDeploymentPostprocessing = 0;
		};
		0A6F42352D4089C7004261E5 /* Frameworks */ = {
			isa = PBXFrameworksBuildPhase;
			buildActionMask = 2147483647;
			files = (
			);
			runOnlyForDeploymentPostprocessing = 0;
		};
		0A6F423F2D4089C7004261E5 /* Frameworks */ = {
			isa = PBXFrameworksBuildPhase;
			buildActionMask = 2147483647;
			files = (
			);
			runOnlyForDeploymentPostprocessing = 0;
		};
/* End PBXFrameworksBuildPhase section */

/* Begin PBXGroup section */
		0A66681E2D42E9A400658111 /* Model */ = {
			isa = PBXGroup;
			children = (
				0A66681C2D42E99E00658111 /* Object.swift */,
				0A66681F2D42E9D300658111 /* Match.swift */,
			);
			path = Model;
			sourceTree = "<group>";
		};
		0A6F421F2D4089C6004261E5 = {
			isa = PBXGroup;
			children = (
				0AFA5A872D48359800B94461 /* ci_scripts */,
				0A6F42612D408D4A004261E5 /* RockPaperAnything */,
				0A6F426A2D408D55004261E5 /* RockPaperAnythingTests */,
				0A6F426E2D408D57004261E5 /* RockPaperAnythingUITests */,
				0A6F42292D4089C6004261E5 /* Products */,
			);
			sourceTree = "<group>";
		};
		0A6F42292D4089C6004261E5 /* Products */ = {
			isa = PBXGroup;
			children = (
				0A6F42282D4089C6004261E5 /* RockPaperAnything.app */,
				0A6F42382D4089C7004261E5 /* RockPaperAnythingTests.xctest */,
				0A6F42422D4089C7004261E5 /* RockPaperAnythingUITests.xctest */,
			);
			name = Products;
			sourceTree = "<group>";
		};
		0A6F425C2D408D4A004261E5 /* Preview Content */ = {
			isa = PBXGroup;
			children = (
				0A6F425B2D408D4A004261E5 /* Preview Assets.xcassets */,
			);
			path = "Preview Content";
			sourceTree = "<group>";
		};
		0A6F42612D408D4A004261E5 /* RockPaperAnything */ = {
			isa = PBXGroup;
			children = (
				0A840F622D458DBA0049A9E7 /* Info.plist */,
				0A6F42892D40FC5A004261E5 /* RockPaperAnything.entitlements */,
				0A6F425F2D408D4A004261E5 /* GoogleService-Info.plist */,
				0A6F425D2D408D4A004261E5 /* Assets.xcassets */,
				0A6F425C2D408D4A004261E5 /* Preview Content */,
				0A6F42602D408D4A004261E5 /* RockPaperAnythingApp.swift */,
				0A840F5B2D44427F0049A9E7 /* Utilities */,
				0A6F42802D409715004261E5 /* View */,
				0A6F42812D40971B004261E5 /* ViewModel */,
				0A66681E2D42E9A400658111 /* Model */,
				0A6F42862D40F7D2004261E5 /* Extensions */,
			);
			path = RockPaperAnything;
			sourceTree = "<group>";
		};
		0A6F426A2D408D55004261E5 /* RockPaperAnythingTests */ = {
			isa = PBXGroup;
			children = (
				0A6F42692D408D55004261E5 /* RockPaperAnythingTests.swift */,
			);
			path = RockPaperAnythingTests;
			sourceTree = "<group>";
		};
		0A6F426E2D408D57004261E5 /* RockPaperAnythingUITests */ = {
			isa = PBXGroup;
			children = (
				0A6F426C2D408D57004261E5 /* RockPaperAnythingUITests.swift */,
				0A6F426D2D408D57004261E5 /* RockPaperAnythingUITestsLaunchTests.swift */,
			);
			path = RockPaperAnythingUITests;
			sourceTree = "<group>";
		};
		0A6F42802D409715004261E5 /* View */ = {
			isa = PBXGroup;
			children = (
				0A6F425E2D408D4A004261E5 /* HomeView.swift */,
				0A6F42822D40E8D2004261E5 /* LoginView.swift */,
				0A6F42902D414309004261E5 /* LoginHeaderView.swift */,
				0A66681A2D42E56C00658111 /* ObjectsView.swift */,
				0A6668182D42E53000658111 /* GamesView.swift */,
				0AA196A72D4300A500907139 /* ActiveGameView.swift */,
				0A6F429B2D41AF7F004261E5 /* AddNewObjectView.swift */,
				0A6668102D41D7E900658111 /* ConfigureObjectView.swift */,
			);
			path = View;
			sourceTree = "<group>";
		};
		0A6F42812D40971B004261E5 /* ViewModel */ = {
			isa = PBXGroup;
			children = (
				0A6F42942D419966004261E5 /* AddNewObjectViewModel.swift */,
				0A6668212D42EAFE00658111 /* GamesViewModel.swift */,
				0A2E251C2D44316700804F3C /* ActiveGameViewModel.swift */,
			);
			path = ViewModel;
			sourceTree = "<group>";
		};
		0A6F42862D40F7D2004261E5 /* Extensions */ = {
			isa = PBXGroup;
			children = (
				0A6F42872D40F7EF004261E5 /* User+Observable.swift */,
				0A840F602D4558950049A9E7 /* LazyImage+Object.swift */,
				0AE14ABE2D4841F1001407EC /* Firebase+Secrets.swift */,
			);
			path = Extensions;
			sourceTree = "<group>";
		};
		0A840F5B2D44427F0049A9E7 /* Utilities */ = {
			isa = PBXGroup;
			children = (
				0A840F5C2D4442A10049A9E7 /* Logging.swift */,
				0A840F5E2D454BF80049A9E7 /* ObjectListener.swift */,
			);
			path = Utilities;
			sourceTree = "<group>";
		};
		0AFA5A872D48359800B94461 /* ci_scripts */ = {
			isa = PBXGroup;
			children = (
				0AFA5A892D4835E000B94461 /* ci_env */,
				0AFA5A882D4835AE00B94461 /* ci_post_clone.sh */,
			);
			path = ci_scripts;
			sourceTree = "<group>";
		};
/* End PBXGroup section */

/* Begin PBXNativeTarget section */
		0A6F42272D4089C6004261E5 /* RockPaperAnything */ = {
			isa = PBXNativeTarget;
			buildConfigurationList = 0A6F424C2D4089C7004261E5 /* Build configuration list for PBXNativeTarget "RockPaperAnything" */;
			buildPhases = (
				0A6F42242D4089C6004261E5 /* Sources */,
				0A6F42252D4089C6004261E5 /* Frameworks */,
				0A6F42262D4089C6004261E5 /* Resources */,
			);
			buildRules = (
			);
			dependencies = (
				0A0096252D4842AD00DE4A09 /* PBXTargetDependency */,
			);
			name = RockPaperAnything;
			packageProductDependencies = (
				0A6F42722D408D88004261E5 /* FirebaseAnalytics */,
				0A6F42742D408D88004261E5 /* FirebaseCore */,
				0A6F42762D408D88004261E5 /* FirebaseCrashlytics */,
				0A6F42782D408D88004261E5 /* FirebaseDatabase */,
				0A6F427A2D408D88004261E5 /* FirebaseStorage */,
				0A6F427E2D40936E004261E5 /* FirebaseAuth */,
				0A6F42922D41929D004261E5 /* FirebaseFirestore */,
				0A6F42972D41A3EA004261E5 /* Nuke */,
				0A6F42992D41A62F004261E5 /* NukeUI */,
				0AA196A52D42F52300907139 /* GameKitUI */,
				0A1595F52D4436C50082C75F /* GameKitUI */,
				0AE14AB62D483F49001407EC /* SecretsManager */,
				0A0096222D48429800DE4A09 /* SecretsManager */,
			);
			productName = RockPaperAnything;
			productReference = 0A6F42282D4089C6004261E5 /* RockPaperAnything.app */;
			productType = "com.apple.product-type.application";
		};
		0A6F42372D4089C7004261E5 /* RockPaperAnythingTests */ = {
			isa = PBXNativeTarget;
			buildConfigurationList = 0A6F424F2D4089C7004261E5 /* Build configuration list for PBXNativeTarget "RockPaperAnythingTests" */;
			buildPhases = (
				0A6F42342D4089C7004261E5 /* Sources */,
				0A6F42352D4089C7004261E5 /* Frameworks */,
				0A6F42362D4089C7004261E5 /* Resources */,
			);
			buildRules = (
			);
			dependencies = (
				0A6F423A2D4089C7004261E5 /* PBXTargetDependency */,
			);
			name = RockPaperAnythingTests;
			packageProductDependencies = (
			);
			productName = RockPaperAnythingTests;
			productReference = 0A6F42382D4089C7004261E5 /* RockPaperAnythingTests.xctest */;
			productType = "com.apple.product-type.bundle.unit-test";
		};
		0A6F42412D4089C7004261E5 /* RockPaperAnythingUITests */ = {
			isa = PBXNativeTarget;
			buildConfigurationList = 0A6F42522D4089C7004261E5 /* Build configuration list for PBXNativeTarget "RockPaperAnythingUITests" */;
			buildPhases = (
				0A6F423E2D4089C7004261E5 /* Sources */,
				0A6F423F2D4089C7004261E5 /* Frameworks */,
				0A6F42402D4089C7004261E5 /* Resources */,
			);
			buildRules = (
			);
			dependencies = (
				0A6F42442D4089C7004261E5 /* PBXTargetDependency */,
			);
			name = RockPaperAnythingUITests;
			packageProductDependencies = (
			);
			productName = RockPaperAnythingUITests;
			productReference = 0A6F42422D4089C7004261E5 /* RockPaperAnythingUITests.xctest */;
			productType = "com.apple.product-type.bundle.ui-testing";
		};
/* End PBXNativeTarget section */

/* Begin PBXProject section */
		0A6F42202D4089C6004261E5 /* Project object */ = {
			isa = PBXProject;
			attributes = {
				BuildIndependentTargetsInParallel = 1;
				LastSwiftUpdateCheck = 1620;
				LastUpgradeCheck = 1620;
				TargetAttributes = {
					0A6F42272D4089C6004261E5 = {
						CreatedOnToolsVersion = 16.2;
					};
					0A6F42372D4089C7004261E5 = {
						CreatedOnToolsVersion = 16.2;
						TestTargetID = 0A6F42272D4089C6004261E5;
					};
					0A6F42412D4089C7004261E5 = {
						CreatedOnToolsVersion = 16.2;
						TestTargetID = 0A6F42272D4089C6004261E5;
					};
				};
			};
			buildConfigurationList = 0A6F42232D4089C6004261E5 /* Build configuration list for PBXProject "RockPaperAnything" */;
			developmentRegion = en;
			hasScannedForEncodings = 0;
			knownRegions = (
				en,
				Base,
			);
			mainGroup = 0A6F421F2D4089C6004261E5;
			minimizedProjectReferenceProxies = 1;
			packageReferences = (
				0A6F42712D408D88004261E5 /* XCRemoteSwiftPackageReference "firebase-ios-sdk" */,
				0A6F42962D41A3EA004261E5 /* XCRemoteSwiftPackageReference "Nuke" */,
				0A1595F42D4436C50082C75F /* XCRemoteSwiftPackageReference "GameKitUI.swift" */,
				0A0096212D48429800DE4A09 /* XCRemoteSwiftPackageReference "SecretsManager" */,
			);
			preferredProjectObjectVersion = 77;
			productRefGroup = 0A6F42292D4089C6004261E5 /* Products */;
			projectDirPath = "";
			projectRoot = "";
			targets = (
				0A6F42272D4089C6004261E5 /* RockPaperAnything */,
				0A6F42372D4089C7004261E5 /* RockPaperAnythingTests */,
				0A6F42412D4089C7004261E5 /* RockPaperAnythingUITests */,
			);
		};
/* End PBXProject section */

/* Begin PBXResourcesBuildPhase section */
		0A6F42262D4089C6004261E5 /* Resources */ = {
			isa = PBXResourcesBuildPhase;
			buildActionMask = 2147483647;
			files = (
				0A6F42622D408D4A004261E5 /* Preview Assets.xcassets in Resources */,
				0A6F42632D408D4A004261E5 /* Assets.xcassets in Resources */,
				0A6F42642D408D4A004261E5 /* GoogleService-Info.plist in Resources */,
			);
			runOnlyForDeploymentPostprocessing = 0;
		};
		0A6F42362D4089C7004261E5 /* Resources */ = {
			isa = PBXResourcesBuildPhase;
			buildActionMask = 2147483647;
			files = (
				0A6F42672D408D4A004261E5 /* GoogleService-Info.plist in Resources */,
			);
			runOnlyForDeploymentPostprocessing = 0;
		};
		0A6F42402D4089C7004261E5 /* Resources */ = {
			isa = PBXResourcesBuildPhase;
			buildActionMask = 2147483647;
			files = (
				0A6F42682D408D4A004261E5 /* GoogleService-Info.plist in Resources */,
			);
			runOnlyForDeploymentPostprocessing = 0;
		};
/* End PBXResourcesBuildPhase section */

/* Begin PBXSourcesBuildPhase section */
		0A6F42242D4089C6004261E5 /* Sources */ = {
			isa = PBXSourcesBuildPhase;
			buildActionMask = 2147483647;
			files = (
				0A6668112D41D7E900658111 /* ConfigureObjectView.swift in Sources */,
				0A6668192D42E53000658111 /* GamesView.swift in Sources */,
				0A6F42652D408D4A004261E5 /* HomeView.swift in Sources */,
				0A840F5D2D4442A10049A9E7 /* Logging.swift in Sources */,
				0A840F612D4558950049A9E7 /* LazyImage+Object.swift in Sources */,
				0A6F42662D408D4A004261E5 /* RockPaperAnythingApp.swift in Sources */,
				0A6F42832D40E8D2004261E5 /* LoginView.swift in Sources */,
				0A6668202D42E9D300658111 /* Match.swift in Sources */,
				0A6F42912D414309004261E5 /* LoginHeaderView.swift in Sources */,
				0A6F42882D40F7EF004261E5 /* User+Observable.swift in Sources */,
				0A840F5F2D454BF80049A9E7 /* ObjectListener.swift in Sources */,
				0AA196A82D4300A500907139 /* ActiveGameView.swift in Sources */,
				0A6F429C2D41AF7F004261E5 /* AddNewObjectView.swift in Sources */,
				0A6668222D42EAFE00658111 /* GamesViewModel.swift in Sources */,
				0A2E251D2D44316700804F3C /* ActiveGameViewModel.swift in Sources */,
				0A6F42952D419966004261E5 /* AddNewObjectViewModel.swift in Sources */,
				0A66681D2D42E99E00658111 /* Object.swift in Sources */,
				0A66681B2D42E56C00658111 /* ObjectsView.swift in Sources */,
				0AE14ABF2D4841F1001407EC /* Firebase+Secrets.swift in Sources */,
			);
			runOnlyForDeploymentPostprocessing = 0;
		};
		0A6F42342D4089C7004261E5 /* Sources */ = {
			isa = PBXSourcesBuildPhase;
			buildActionMask = 2147483647;
			files = (
				0A6F426B2D408D55004261E5 /* RockPaperAnythingTests.swift in Sources */,
			);
			runOnlyForDeploymentPostprocessing = 0;
		};
		0A6F423E2D4089C7004261E5 /* Sources */ = {
			isa = PBXSourcesBuildPhase;
			buildActionMask = 2147483647;
			files = (
				0A6F426F2D408D57004261E5 /* RockPaperAnythingUITests.swift in Sources */,
				0A6F42702D408D57004261E5 /* RockPaperAnythingUITestsLaunchTests.swift in Sources */,
			);
			runOnlyForDeploymentPostprocessing = 0;
		};
/* End PBXSourcesBuildPhase section */

/* Begin PBXTargetDependency section */
		0A0096252D4842AD00DE4A09 /* PBXTargetDependency */ = {
			isa = PBXTargetDependency;
			productRef = 0A0096242D4842AD00DE4A09 /* SecretsManagerPlugin */;
		};
		0A6F423A2D4089C7004261E5 /* PBXTargetDependency */ = {
			isa = PBXTargetDependency;
			target = 0A6F42272D4089C6004261E5 /* RockPaperAnything */;
			targetProxy = 0A6F42392D4089C7004261E5 /* PBXContainerItemProxy */;
		};
		0A6F42442D4089C7004261E5 /* PBXTargetDependency */ = {
			isa = PBXTargetDependency;
			target = 0A6F42272D4089C6004261E5 /* RockPaperAnything */;
			targetProxy = 0A6F42432D4089C7004261E5 /* PBXContainerItemProxy */;
		};
/* End PBXTargetDependency section */

/* Begin XCBuildConfiguration section */
		0A6F424A2D4089C7004261E5 /* Debug */ = {
			isa = XCBuildConfiguration;
			buildSettings = {
				ALWAYS_SEARCH_USER_PATHS = NO;
				ASSETCATALOG_COMPILER_GENERATE_SWIFT_ASSET_SYMBOL_EXTENSIONS = YES;
				CLANG_ANALYZER_NONNULL = YES;
				CLANG_ANALYZER_NUMBER_OBJECT_CONVERSION = YES_AGGRESSIVE;
				CLANG_CXX_LANGUAGE_STANDARD = "gnu++20";
				CLANG_ENABLE_MODULES = YES;
				CLANG_ENABLE_OBJC_ARC = YES;
				CLANG_ENABLE_OBJC_WEAK = YES;
				CLANG_WARN_BLOCK_CAPTURE_AUTORELEASING = YES;
				CLANG_WARN_BOOL_CONVERSION = YES;
				CLANG_WARN_COMMA = YES;
				CLANG_WARN_CONSTANT_CONVERSION = YES;
				CLANG_WARN_DEPRECATED_OBJC_IMPLEMENTATIONS = YES;
				CLANG_WARN_DIRECT_OBJC_ISA_USAGE = YES_ERROR;
				CLANG_WARN_DOCUMENTATION_COMMENTS = YES;
				CLANG_WARN_EMPTY_BODY = YES;
				CLANG_WARN_ENUM_CONVERSION = YES;
				CLANG_WARN_INFINITE_RECURSION = YES;
				CLANG_WARN_INT_CONVERSION = YES;
				CLANG_WARN_NON_LITERAL_NULL_CONVERSION = YES;
				CLANG_WARN_OBJC_IMPLICIT_RETAIN_SELF = YES;
				CLANG_WARN_OBJC_LITERAL_CONVERSION = YES;
				CLANG_WARN_OBJC_ROOT_CLASS = YES_ERROR;
				CLANG_WARN_QUOTED_INCLUDE_IN_FRAMEWORK_HEADER = YES;
				CLANG_WARN_RANGE_LOOP_ANALYSIS = YES;
				CLANG_WARN_STRICT_PROTOTYPES = YES;
				CLANG_WARN_SUSPICIOUS_MOVE = YES;
				CLANG_WARN_UNGUARDED_AVAILABILITY = YES_AGGRESSIVE;
				CLANG_WARN_UNREACHABLE_CODE = YES;
				CLANG_WARN__DUPLICATE_METHOD_MATCH = YES;
				COPY_PHASE_STRIP = NO;
				DEBUG_INFORMATION_FORMAT = dwarf;
				ENABLE_STRICT_OBJC_MSGSEND = YES;
				ENABLE_TESTABILITY = YES;
				ENABLE_USER_SCRIPT_SANDBOXING = YES;
				GCC_C_LANGUAGE_STANDARD = gnu17;
				GCC_DYNAMIC_NO_PIC = NO;
				GCC_NO_COMMON_BLOCKS = YES;
				GCC_OPTIMIZATION_LEVEL = 0;
				GCC_PREPROCESSOR_DEFINITIONS = (
					"DEBUG=1",
					"$(inherited)",
				);
				GCC_WARN_64_TO_32_BIT_CONVERSION = YES;
				GCC_WARN_ABOUT_RETURN_TYPE = YES_ERROR;
				GCC_WARN_UNDECLARED_SELECTOR = YES;
				GCC_WARN_UNINITIALIZED_AUTOS = YES_AGGRESSIVE;
				GCC_WARN_UNUSED_FUNCTION = YES;
				GCC_WARN_UNUSED_VARIABLE = YES;
				IPHONEOS_DEPLOYMENT_TARGET = 18.2;
				LOCALIZATION_PREFERS_STRING_CATALOGS = YES;
				MTL_ENABLE_DEBUG_INFO = INCLUDE_SOURCE;
				MTL_FAST_MATH = YES;
				ONLY_ACTIVE_ARCH = YES;
				SDKROOT = iphoneos;
				SWIFT_ACTIVE_COMPILATION_CONDITIONS = "DEBUG $(inherited)";
				SWIFT_OPTIMIZATION_LEVEL = "-Onone";
			};
			name = Debug;
		};
		0A6F424B2D4089C7004261E5 /* Release */ = {
			isa = XCBuildConfiguration;
			buildSettings = {
				ALWAYS_SEARCH_USER_PATHS = NO;
				ASSETCATALOG_COMPILER_GENERATE_SWIFT_ASSET_SYMBOL_EXTENSIONS = YES;
				CLANG_ANALYZER_NONNULL = YES;
				CLANG_ANALYZER_NUMBER_OBJECT_CONVERSION = YES_AGGRESSIVE;
				CLANG_CXX_LANGUAGE_STANDARD = "gnu++20";
				CLANG_ENABLE_MODULES = YES;
				CLANG_ENABLE_OBJC_ARC = YES;
				CLANG_ENABLE_OBJC_WEAK = YES;
				CLANG_WARN_BLOCK_CAPTURE_AUTORELEASING = YES;
				CLANG_WARN_BOOL_CONVERSION = YES;
				CLANG_WARN_COMMA = YES;
				CLANG_WARN_CONSTANT_CONVERSION = YES;
				CLANG_WARN_DEPRECATED_OBJC_IMPLEMENTATIONS = YES;
				CLANG_WARN_DIRECT_OBJC_ISA_USAGE = YES_ERROR;
				CLANG_WARN_DOCUMENTATION_COMMENTS = YES;
				CLANG_WARN_EMPTY_BODY = YES;
				CLANG_WARN_ENUM_CONVERSION = YES;
				CLANG_WARN_INFINITE_RECURSION = YES;
				CLANG_WARN_INT_CONVERSION = YES;
				CLANG_WARN_NON_LITERAL_NULL_CONVERSION = YES;
				CLANG_WARN_OBJC_IMPLICIT_RETAIN_SELF = YES;
				CLANG_WARN_OBJC_LITERAL_CONVERSION = YES;
				CLANG_WARN_OBJC_ROOT_CLASS = YES_ERROR;
				CLANG_WARN_QUOTED_INCLUDE_IN_FRAMEWORK_HEADER = YES;
				CLANG_WARN_RANGE_LOOP_ANALYSIS = YES;
				CLANG_WARN_STRICT_PROTOTYPES = YES;
				CLANG_WARN_SUSPICIOUS_MOVE = YES;
				CLANG_WARN_UNGUARDED_AVAILABILITY = YES_AGGRESSIVE;
				CLANG_WARN_UNREACHABLE_CODE = YES;
				CLANG_WARN__DUPLICATE_METHOD_MATCH = YES;
				COPY_PHASE_STRIP = NO;
				DEBUG_INFORMATION_FORMAT = "dwarf-with-dsym";
				ENABLE_NS_ASSERTIONS = NO;
				ENABLE_STRICT_OBJC_MSGSEND = YES;
				ENABLE_USER_SCRIPT_SANDBOXING = YES;
				GCC_C_LANGUAGE_STANDARD = gnu17;
				GCC_NO_COMMON_BLOCKS = YES;
				GCC_WARN_64_TO_32_BIT_CONVERSION = YES;
				GCC_WARN_ABOUT_RETURN_TYPE = YES_ERROR;
				GCC_WARN_UNDECLARED_SELECTOR = YES;
				GCC_WARN_UNINITIALIZED_AUTOS = YES_AGGRESSIVE;
				GCC_WARN_UNUSED_FUNCTION = YES;
				GCC_WARN_UNUSED_VARIABLE = YES;
				IPHONEOS_DEPLOYMENT_TARGET = 18.2;
				LOCALIZATION_PREFERS_STRING_CATALOGS = YES;
				MTL_ENABLE_DEBUG_INFO = NO;
				MTL_FAST_MATH = YES;
				SDKROOT = iphoneos;
				SWIFT_COMPILATION_MODE = wholemodule;
				VALIDATE_PRODUCT = YES;
			};
			name = Release;
		};
		0A6F424D2D4089C7004261E5 /* Debug */ = {
			isa = XCBuildConfiguration;
			buildSettings = {
				ASSETCATALOG_COMPILER_APPICON_NAME = AppIcon;
				ASSETCATALOG_COMPILER_GLOBAL_ACCENT_COLOR_NAME = AccentColor;
				CODE_SIGN_ENTITLEMENTS = RockPaperAnything/RockPaperAnything.entitlements;
				CODE_SIGN_STYLE = Automatic;
				CURRENT_PROJECT_VERSION = 1;
				DEVELOPMENT_ASSET_PATHS = "\"RockPaperAnything/Preview Content\"";
				DEVELOPMENT_TEAM = S7BT87895F;
				ENABLE_PREVIEWS = YES;
				GENERATE_INFOPLIST_FILE = YES;
				INFOPLIST_FILE = RockPaperAnything/Info.plist;
				INFOPLIST_KEY_UIApplicationSceneManifest_Generation = YES;
				INFOPLIST_KEY_UIApplicationSupportsIndirectInputEvents = YES;
				INFOPLIST_KEY_UILaunchScreen_Generation = YES;
				INFOPLIST_KEY_UISupportedInterfaceOrientations_iPad = "UIInterfaceOrientationPortrait UIInterfaceOrientationPortraitUpsideDown UIInterfaceOrientationLandscapeLeft UIInterfaceOrientationLandscapeRight";
				INFOPLIST_KEY_UISupportedInterfaceOrientations_iPhone = "UIInterfaceOrientationPortrait UIInterfaceOrientationLandscapeLeft UIInterfaceOrientationLandscapeRight";
				IPHONEOS_DEPLOYMENT_TARGET = 18.1;
				LD_RUNPATH_SEARCH_PATHS = (
					"$(inherited)",
					"@executable_path/Frameworks",
				);
				MARKETING_VERSION = 1.0;
				OTHER_LDFLAGS = "-ObjC";
				PRODUCT_BUNDLE_IDENTIFIER = com.sideapps.RockPaperAnything;
				PRODUCT_NAME = "$(TARGET_NAME)";
				SWIFT_EMIT_LOC_STRINGS = YES;
				SWIFT_VERSION = 5.0;
				TARGETED_DEVICE_FAMILY = "1,2";
			};
			name = Debug;
		};
		0A6F424E2D4089C7004261E5 /* Release */ = {
			isa = XCBuildConfiguration;
			buildSettings = {
				ASSETCATALOG_COMPILER_APPICON_NAME = AppIcon;
				ASSETCATALOG_COMPILER_GLOBAL_ACCENT_COLOR_NAME = AccentColor;
				CODE_SIGN_ENTITLEMENTS = RockPaperAnything/RockPaperAnything.entitlements;
				CODE_SIGN_STYLE = Automatic;
				CURRENT_PROJECT_VERSION = 1;
				DEVELOPMENT_ASSET_PATHS = "\"RockPaperAnything/Preview Content\"";
				DEVELOPMENT_TEAM = S7BT87895F;
				ENABLE_PREVIEWS = YES;
				GENERATE_INFOPLIST_FILE = YES;
				INFOPLIST_FILE = RockPaperAnything/Info.plist;
				INFOPLIST_KEY_UIApplicationSceneManifest_Generation = YES;
				INFOPLIST_KEY_UIApplicationSupportsIndirectInputEvents = YES;
				INFOPLIST_KEY_UILaunchScreen_Generation = YES;
				INFOPLIST_KEY_UISupportedInterfaceOrientations_iPad = "UIInterfaceOrientationPortrait UIInterfaceOrientationPortraitUpsideDown UIInterfaceOrientationLandscapeLeft UIInterfaceOrientationLandscapeRight";
				INFOPLIST_KEY_UISupportedInterfaceOrientations_iPhone = "UIInterfaceOrientationPortrait UIInterfaceOrientationLandscapeLeft UIInterfaceOrientationLandscapeRight";
				IPHONEOS_DEPLOYMENT_TARGET = 18.1;
				LD_RUNPATH_SEARCH_PATHS = (
					"$(inherited)",
					"@executable_path/Frameworks",
				);
				MARKETING_VERSION = 1.0;
				OTHER_LDFLAGS = "-ObjC";
				PRODUCT_BUNDLE_IDENTIFIER = com.sideapps.RockPaperAnything;
				PRODUCT_NAME = "$(TARGET_NAME)";
				SWIFT_EMIT_LOC_STRINGS = YES;
				SWIFT_VERSION = 5.0;
				TARGETED_DEVICE_FAMILY = "1,2";
			};
			name = Release;
		};
		0A6F42502D4089C7004261E5 /* Debug */ = {
			isa = XCBuildConfiguration;
			buildSettings = {
				BUNDLE_LOADER = "$(TEST_HOST)";
				CODE_SIGN_STYLE = Automatic;
				CURRENT_PROJECT_VERSION = 1;
				DEVELOPMENT_TEAM = S7BT87895F;
				GENERATE_INFOPLIST_FILE = YES;
				IPHONEOS_DEPLOYMENT_TARGET = 18.2;
				MARKETING_VERSION = 1.0;
				PRODUCT_BUNDLE_IDENTIFIER = com.sideapps.RockPaperAnythingTests;
				PRODUCT_NAME = "$(TARGET_NAME)";
				SWIFT_EMIT_LOC_STRINGS = NO;
				SWIFT_VERSION = 5.0;
				TARGETED_DEVICE_FAMILY = "1,2";
				TEST_HOST = "$(BUILT_PRODUCTS_DIR)/RockPaperAnything.app/$(BUNDLE_EXECUTABLE_FOLDER_PATH)/RockPaperAnything";
			};
			name = Debug;
		};
		0A6F42512D4089C7004261E5 /* Release */ = {
			isa = XCBuildConfiguration;
			buildSettings = {
				BUNDLE_LOADER = "$(TEST_HOST)";
				CODE_SIGN_STYLE = Automatic;
				CURRENT_PROJECT_VERSION = 1;
				DEVELOPMENT_TEAM = S7BT87895F;
				GENERATE_INFOPLIST_FILE = YES;
				IPHONEOS_DEPLOYMENT_TARGET = 18.2;
				MARKETING_VERSION = 1.0;
				PRODUCT_BUNDLE_IDENTIFIER = com.sideapps.RockPaperAnythingTests;
				PRODUCT_NAME = "$(TARGET_NAME)";
				SWIFT_EMIT_LOC_STRINGS = NO;
				SWIFT_VERSION = 5.0;
				TARGETED_DEVICE_FAMILY = "1,2";
				TEST_HOST = "$(BUILT_PRODUCTS_DIR)/RockPaperAnything.app/$(BUNDLE_EXECUTABLE_FOLDER_PATH)/RockPaperAnything";
			};
			name = Release;
		};
		0A6F42532D4089C7004261E5 /* Debug */ = {
			isa = XCBuildConfiguration;
			buildSettings = {
				CODE_SIGN_STYLE = Automatic;
				CURRENT_PROJECT_VERSION = 1;
				DEVELOPMENT_TEAM = S7BT87895F;
				GENERATE_INFOPLIST_FILE = YES;
				MARKETING_VERSION = 1.0;
				PRODUCT_BUNDLE_IDENTIFIER = com.sideapps.RockPaperAnythingUITests;
				PRODUCT_NAME = "$(TARGET_NAME)";
				SWIFT_EMIT_LOC_STRINGS = NO;
				SWIFT_VERSION = 5.0;
				TARGETED_DEVICE_FAMILY = "1,2";
				TEST_TARGET_NAME = RockPaperAnything;
			};
			name = Debug;
		};
		0A6F42542D4089C7004261E5 /* Release */ = {
			isa = XCBuildConfiguration;
			buildSettings = {
				CODE_SIGN_STYLE = Automatic;
				CURRENT_PROJECT_VERSION = 1;
				DEVELOPMENT_TEAM = S7BT87895F;
				GENERATE_INFOPLIST_FILE = YES;
				MARKETING_VERSION = 1.0;
				PRODUCT_BUNDLE_IDENTIFIER = com.sideapps.RockPaperAnythingUITests;
				PRODUCT_NAME = "$(TARGET_NAME)";
				SWIFT_EMIT_LOC_STRINGS = NO;
				SWIFT_VERSION = 5.0;
				TARGETED_DEVICE_FAMILY = "1,2";
				TEST_TARGET_NAME = RockPaperAnything;
			};
			name = Release;
		};
/* End XCBuildConfiguration section */

/* Begin XCConfigurationList section */
		0A6F42232D4089C6004261E5 /* Build configuration list for PBXProject "RockPaperAnything" */ = {
			isa = XCConfigurationList;
			buildConfigurations = (
				0A6F424A2D4089C7004261E5 /* Debug */,
				0A6F424B2D4089C7004261E5 /* Release */,
			);
			defaultConfigurationIsVisible = 0;
			defaultConfigurationName = Release;
		};
		0A6F424C2D4089C7004261E5 /* Build configuration list for PBXNativeTarget "RockPaperAnything" */ = {
			isa = XCConfigurationList;
			buildConfigurations = (
				0A6F424D2D4089C7004261E5 /* Debug */,
				0A6F424E2D4089C7004261E5 /* Release */,
			);
			defaultConfigurationIsVisible = 0;
			defaultConfigurationName = Release;
		};
		0A6F424F2D4089C7004261E5 /* Build configuration list for PBXNativeTarget "RockPaperAnythingTests" */ = {
			isa = XCConfigurationList;
			buildConfigurations = (
				0A6F42502D4089C7004261E5 /* Debug */,
				0A6F42512D4089C7004261E5 /* Release */,
			);
			defaultConfigurationIsVisible = 0;
			defaultConfigurationName = Release;
		};
		0A6F42522D4089C7004261E5 /* Build configuration list for PBXNativeTarget "RockPaperAnythingUITests" */ = {
			isa = XCConfigurationList;
			buildConfigurations = (
				0A6F42532D4089C7004261E5 /* Debug */,
				0A6F42542D4089C7004261E5 /* Release */,
			);
			defaultConfigurationIsVisible = 0;
			defaultConfigurationName = Release;
		};
/* End XCConfigurationList section */

/* Begin XCRemoteSwiftPackageReference section */
		0A0096212D48429800DE4A09 /* XCRemoteSwiftPackageReference "SecretsManager" */ = {
			isa = XCRemoteSwiftPackageReference;
			repositoryURL = "https://github.com/vdka/SecretsManager.git";
			requirement = {
				kind = upToNextMajorVersion;
				minimumVersion = 1.1.4;
			};
		};
		0A1595F42D4436C50082C75F /* XCRemoteSwiftPackageReference "GameKitUI.swift" */ = {
			isa = XCRemoteSwiftPackageReference;
			repositoryURL = "https://github.com/SwiftPackageRepository/GameKitUI.swift.git";
			requirement = {
				kind = upToNextMajorVersion;
				minimumVersion = 0.5.1;
			};
		};
		0A6F42712D408D88004261E5 /* XCRemoteSwiftPackageReference "firebase-ios-sdk" */ = {
			isa = XCRemoteSwiftPackageReference;
			repositoryURL = "https://github.com/firebase/firebase-ios-sdk.git";
			requirement = {
				kind = upToNextMajorVersion;
				minimumVersion = 11.7.0;
			};
		};
		0A6F42962D41A3EA004261E5 /* XCRemoteSwiftPackageReference "Nuke" */ = {
			isa = XCRemoteSwiftPackageReference;
			repositoryURL = "https://github.com/kean/Nuke";
			requirement = {
				kind = upToNextMajorVersion;
				minimumVersion = 12.8.0;
			};
		};
/* End XCRemoteSwiftPackageReference section */

/* Begin XCSwiftPackageProductDependency section */
		0A0096222D48429800DE4A09 /* SecretsManager */ = {
			isa = XCSwiftPackageProductDependency;
			package = 0A0096212D48429800DE4A09 /* XCRemoteSwiftPackageReference "SecretsManager" */;
			productName = SecretsManager;
		};
		0A0096242D4842AD00DE4A09 /* SecretsManagerPlugin */ = {
			isa = XCSwiftPackageProductDependency;
			package = 0A0096212D48429800DE4A09 /* XCRemoteSwiftPackageReference "SecretsManager" */;
			productName = "plugin:SecretsManagerPlugin";
		};
		0A1595F52D4436C50082C75F /* GameKitUI */ = {
			isa = XCSwiftPackageProductDependency;
			package = 0A1595F42D4436C50082C75F /* XCRemoteSwiftPackageReference "GameKitUI.swift" */;
			productName = GameKitUI;
		};
		0A6F42722D408D88004261E5 /* FirebaseAnalytics */ = {
			isa = XCSwiftPackageProductDependency;
			package = 0A6F42712D408D88004261E5 /* XCRemoteSwiftPackageReference "firebase-ios-sdk" */;
			productName = FirebaseAnalytics;
		};
		0A6F42742D408D88004261E5 /* FirebaseCore */ = {
			isa = XCSwiftPackageProductDependency;
			package = 0A6F42712D408D88004261E5 /* XCRemoteSwiftPackageReference "firebase-ios-sdk" */;
			productName = FirebaseCore;
		};
		0A6F42762D408D88004261E5 /* FirebaseCrashlytics */ = {
			isa = XCSwiftPackageProductDependency;
			package = 0A6F42712D408D88004261E5 /* XCRemoteSwiftPackageReference "firebase-ios-sdk" */;
			productName = FirebaseCrashlytics;
		};
		0A6F42782D408D88004261E5 /* FirebaseDatabase */ = {
			isa = XCSwiftPackageProductDependency;
			package = 0A6F42712D408D88004261E5 /* XCRemoteSwiftPackageReference "firebase-ios-sdk" */;
			productName = FirebaseDatabase;
		};
		0A6F427A2D408D88004261E5 /* FirebaseStorage */ = {
			isa = XCSwiftPackageProductDependency;
			package = 0A6F42712D408D88004261E5 /* XCRemoteSwiftPackageReference "firebase-ios-sdk" */;
			productName = FirebaseStorage;
		};
		0A6F427E2D40936E004261E5 /* FirebaseAuth */ = {
			isa = XCSwiftPackageProductDependency;
			package = 0A6F42712D408D88004261E5 /* XCRemoteSwiftPackageReference "firebase-ios-sdk" */;
			productName = FirebaseAuth;
		};
		0A6F42922D41929D004261E5 /* FirebaseFirestore */ = {
			isa = XCSwiftPackageProductDependency;
			package = 0A6F42712D408D88004261E5 /* XCRemoteSwiftPackageReference "firebase-ios-sdk" */;
			productName = FirebaseFirestore;
		};
		0A6F42972D41A3EA004261E5 /* Nuke */ = {
			isa = XCSwiftPackageProductDependency;
			package = 0A6F42962D41A3EA004261E5 /* XCRemoteSwiftPackageReference "Nuke" */;
			productName = Nuke;
		};
		0A6F42992D41A62F004261E5 /* NukeUI */ = {
			isa = XCSwiftPackageProductDependency;
			package = 0A6F42962D41A3EA004261E5 /* XCRemoteSwiftPackageReference "Nuke" */;
			productName = NukeUI;
		};
		0AA196A52D42F52300907139 /* GameKitUI */ = {
			isa = XCSwiftPackageProductDependency;
			productName = GameKitUI;
		};
		0AE14AB62D483F49001407EC /* SecretsManager */ = {
			isa = XCSwiftPackageProductDependency;
			productName = SecretsManager;
		};
/* End XCSwiftPackageProductDependency section */
	};
	rootObject = 0A6F42202D4089C6004261E5 /* Project object */;
}
